{
	"name": "networkstore-backend",
	"lockfileVersion": 3,
	"requires": true,
	"packages": {
		"": {
			"name": "networkstore-backend",
			"dependencies": {
				"@hono/node-server": "^1.13.5",
				"@hono/zod-validator": "^0.2.2",
				"@prisma/client": "5.16.2",
				"hono": "^4.4.12",
				"oslo": "^1.2.0",
				"zod": "^3.23.8"
			},
			"devDependencies": {
				"@types/bun": "latest",
				"@types/node": "^20.14.2",
				"prisma": "^5.16.0",
				"tsx": "^4.15.7",
				"typescript": "^5.4.5"
			}
		},
		"node_modules/@esbuild/win32-x64": {
			"version": "0.21.5",
			"cpu": [
				"x64"
			],
			"dev": true,
			"license": "MIT",
			"optional": true,
			"os": [
				"win32"
			],
			"engines": {
				"node": ">=12"
			}
		},
		"node_modules/@hono/node-server": {
			"version": "1.13.5",
			"resolved": "https://registry.npmjs.org/@hono/node-server/-/node-server-1.13.5.tgz",
			"integrity": "sha512-lSo+CFlLqAFB4fX7ePqI9nauEn64wOfJHAfc9duYFTvAG3o416pC0nTGeNjuLHchLedH+XyWda5v79CVx1PIjg==",
			"engines": {
				"node": ">=18.14.1"
			},
			"peerDependencies": {
				"hono": "^4"
			}
		},
		"node_modules/@hono/zod-validator": {
			"version": "0.2.2",
			"license": "MIT",
			"peerDependencies": {
				"hono": ">=3.9.0",
				"zod": "^3.19.1"
			}
		},
		"node_modules/@node-rs/argon2": {
			"version": "1.7.0",
			"license": "MIT",
			"engines": {
				"node": ">= 10"
			},
			"optionalDependencies": {
				"@node-rs/argon2-android-arm-eabi": "1.7.0",
				"@node-rs/argon2-android-arm64": "1.7.0",
				"@node-rs/argon2-darwin-arm64": "1.7.0",
				"@node-rs/argon2-darwin-x64": "1.7.0",
				"@node-rs/argon2-freebsd-x64": "1.7.0",
				"@node-rs/argon2-linux-arm-gnueabihf": "1.7.0",
				"@node-rs/argon2-linux-arm64-gnu": "1.7.0",
				"@node-rs/argon2-linux-arm64-musl": "1.7.0",
				"@node-rs/argon2-linux-x64-gnu": "1.7.0",
				"@node-rs/argon2-linux-x64-musl": "1.7.0",
				"@node-rs/argon2-wasm32-wasi": "1.7.0",
				"@node-rs/argon2-win32-arm64-msvc": "1.7.0",
				"@node-rs/argon2-win32-ia32-msvc": "1.7.0",
				"@node-rs/argon2-win32-x64-msvc": "1.7.0"
			}
		},
		"node_modules/@node-rs/argon2-win32-x64-msvc": {
			"version": "1.7.0",
			"cpu": [
				"x64"
			],
			"license": "MIT",
			"optional": true,
			"os": [
				"win32"
			],
			"engines": {
				"node": ">= 10"
			}
		},
		"node_modules/@node-rs/bcrypt": {
			"version": "1.9.0",
			"license": "MIT",
			"engines": {
				"node": ">= 10"
			},
			"funding": {
				"type": "github",
				"url": "https://github.com/sponsors/Brooooooklyn"
			},
			"optionalDependencies": {
				"@node-rs/bcrypt-android-arm-eabi": "1.9.0",
				"@node-rs/bcrypt-android-arm64": "1.9.0",
				"@node-rs/bcrypt-darwin-arm64": "1.9.0",
				"@node-rs/bcrypt-darwin-x64": "1.9.0",
				"@node-rs/bcrypt-freebsd-x64": "1.9.0",
				"@node-rs/bcrypt-linux-arm-gnueabihf": "1.9.0",
				"@node-rs/bcrypt-linux-arm64-gnu": "1.9.0",
				"@node-rs/bcrypt-linux-arm64-musl": "1.9.0",
				"@node-rs/bcrypt-linux-x64-gnu": "1.9.0",
				"@node-rs/bcrypt-linux-x64-musl": "1.9.0",
				"@node-rs/bcrypt-wasm32-wasi": "1.9.0",
				"@node-rs/bcrypt-win32-arm64-msvc": "1.9.0",
				"@node-rs/bcrypt-win32-ia32-msvc": "1.9.0",
				"@node-rs/bcrypt-win32-x64-msvc": "1.9.0"
			}
		},
		"node_modules/@node-rs/bcrypt-win32-x64-msvc": {
			"version": "1.9.0",
			"cpu": [
				"x64"
			],
			"license": "MIT",
			"optional": true,
			"os": [
				"win32"
			],
			"engines": {
				"node": ">= 10"
			}
		},
		"node_modules/@prisma/client": {
			"version": "5.16.2",
			"hasInstallScript": true,
			"license": "Apache-2.0",
			"engines": {
				"node": ">=16.13"
			},
			"peerDependencies": {
				"prisma": "*"
			},
			"peerDependenciesMeta": {
				"prisma": {
					"optional": true
				}
			}
		},
		"node_modules/@prisma/debug": {
			"version": "5.16.2",
			"devOptional": true,
			"license": "Apache-2.0"
		},
		"node_modules/@prisma/engines": {
			"version": "5.16.2",
			"devOptional": true,
			"hasInstallScript": true,
			"license": "Apache-2.0",
			"dependencies": {
				"@prisma/debug": "5.16.2",
				"@prisma/engines-version": "5.16.0-24.34ace0eb2704183d2c05b60b52fba5c43c13f303",
				"@prisma/fetch-engine": "5.16.2",
				"@prisma/get-platform": "5.16.2"
			}
		},
		"node_modules/@prisma/engines-version": {
			"version": "5.16.0-24.34ace0eb2704183d2c05b60b52fba5c43c13f303",
			"devOptional": true,
			"license": "Apache-2.0"
		},
		"node_modules/@prisma/fetch-engine": {
			"version": "5.16.2",
			"devOptional": true,
			"license": "Apache-2.0",
			"dependencies": {
				"@prisma/debug": "5.16.2",
				"@prisma/engines-version": "5.16.0-24.34ace0eb2704183d2c05b60b52fba5c43c13f303",
				"@prisma/get-platform": "5.16.2"
			}
		},
		"node_modules/@prisma/get-platform": {
			"version": "5.16.2",
			"devOptional": true,
			"license": "Apache-2.0",
			"dependencies": {
				"@prisma/debug": "5.16.2"
			}
		},
		"node_modules/@types/bun": {
			"version": "1.1.13",
			"resolved": "https://registry.npmjs.org/@types/bun/-/bun-1.1.13.tgz",
			"integrity": "sha512-KmQxSBgVWCl6RSuerlLGZlIWfdxkKqat0nxN61+qu4y1KDn0Ll3j7v1Pl8GnaL3a/U6GGWVTJh75ap62kR1E8Q==",
			"dev": true,
			"dependencies": {
				"bun-types": "1.1.34"
			}
		},
		"node_modules/@types/node": {
			"version": "20.14.10",
			"dev": true,
			"license": "MIT",
			"dependencies": {
				"undici-types": "~5.26.4"
			}
		},
		"node_modules/@types/ws": {
			"version": "8.5.13",
			"resolved": "https://registry.npmjs.org/@types/ws/-/ws-8.5.13.tgz",
			"integrity": "sha512-osM/gWBTPKgHV8XkTunnegTRIsvF6owmf5w+JtAfOw472dptdm0dlGv4xCt6GwQRcC2XVOvvRE/0bAoQcL2QkA==",
			"dev": true,
			"dependencies": {
				"@types/node": "*"
			}
		},
		"node_modules/bun-types": {
			"version": "1.1.34",
			"resolved": "https://registry.npmjs.org/bun-types/-/bun-types-1.1.34.tgz",
			"integrity": "sha512-br5QygTEL/TwB4uQOb96Ky22j4Gq2WxWH/8Oqv20fk5HagwKXo/akB+LiYgSfzexCt6kkcUaVm+bKiPl71xPvw==",
			"dev": true,
			"dependencies": {
				"@types/node": "~20.12.8",
				"@types/ws": "~8.5.10"
			}
		},
		"node_modules/bun-types/node_modules/@types/node": {
			"version": "20.12.14",
			"resolved": "https://registry.npmjs.org/@types/node/-/node-20.12.14.tgz",
			"integrity": "sha512-scnD59RpYD91xngrQQLGkE+6UrHUPzeKZWhhjBSa3HSkwjbQc38+q3RoIVEwxQGRw3M+j5hpNAM+lgV3cVormg==",
			"dev": true,
			"dependencies": {
				"undici-types": "~5.26.4"
			}
		},
		"node_modules/esbuild": {
			"version": "0.21.5",
			"dev": true,
			"hasInstallScript": true,
			"license": "MIT",
			"bin": {
				"esbuild": "bin/esbuild"
			},
			"engines": {
				"node": ">=12"
			},
			"optionalDependencies": {
				"@esbuild/aix-ppc64": "0.21.5",
				"@esbuild/android-arm": "0.21.5",
				"@esbuild/android-arm64": "0.21.5",
				"@esbuild/android-x64": "0.21.5",
				"@esbuild/darwin-arm64": "0.21.5",
				"@esbuild/darwin-x64": "0.21.5",
				"@esbuild/freebsd-arm64": "0.21.5",
				"@esbuild/freebsd-x64": "0.21.5",
				"@esbuild/linux-arm": "0.21.5",
				"@esbuild/linux-arm64": "0.21.5",
				"@esbuild/linux-ia32": "0.21.5",
				"@esbuild/linux-loong64": "0.21.5",
				"@esbuild/linux-mips64el": "0.21.5",
				"@esbuild/linux-ppc64": "0.21.5",
				"@esbuild/linux-riscv64": "0.21.5",
				"@esbuild/linux-s390x": "0.21.5",
				"@esbuild/linux-x64": "0.21.5",
				"@esbuild/netbsd-x64": "0.21.5",
				"@esbuild/openbsd-x64": "0.21.5",
				"@esbuild/sunos-x64": "0.21.5",
				"@esbuild/win32-arm64": "0.21.5",
				"@esbuild/win32-ia32": "0.21.5",
				"@esbuild/win32-x64": "0.21.5"
			}
		},
		"node_modules/get-tsconfig": {
			"version": "4.7.5",
			"dev": true,
			"license": "MIT",
			"dependencies": {
				"resolve-pkg-maps": "^1.0.0"
			},
			"funding": {
				"url": "https://github.com/privatenumber/get-tsconfig?sponsor=1"
			}
		},
		"node_modules/hono": {
			"version": "4.4.12",
			"license": "MIT",
			"engines": {
				"node": ">=16.0.0"
			}
		},
		"node_modules/oslo": {
			"version": "1.2.1",
			"license": "MIT",
			"dependencies": {
				"@node-rs/argon2": "1.7.0",
				"@node-rs/bcrypt": "1.9.0"
			}
		},
		"node_modules/prisma": {
			"version": "5.16.2",
			"devOptional": true,
			"hasInstallScript": true,
			"license": "Apache-2.0",
			"dependencies": {
				"@prisma/engines": "5.16.2"
			},
			"bin": {
				"prisma": "build/index.js"
			},
			"engines": {
				"node": ">=16.13"
			}
		},
		"node_modules/resolve-pkg-maps": {
			"version": "1.0.0",
			"dev": true,
			"license": "MIT",
			"funding": {
				"url": "https://github.com/privatenumber/resolve-pkg-maps?sponsor=1"
			}
		},
		"node_modules/tsx": {
			"version": "4.16.2",
			"dev": true,
			"license": "MIT",
			"dependencies": {
				"esbuild": "~0.21.5",
				"get-tsconfig": "^4.7.5"
			},
			"bin": {
				"tsx": "dist/cli.mjs"
			},
			"engines": {
				"node": ">=18.0.0"
			},
			"optionalDependencies": {
				"fsevents": "~2.3.3"
			}
		},
		"node_modules/typescript": {
			"version": "5.5.3",
			"dev": true,
			"license": "Apache-2.0",
			"bin": {
				"tsc": "bin/tsc",
				"tsserver": "bin/tsserver"
			},
			"engines": {
				"node": ">=14.17"
			}
		},
		"node_modules/undici-types": {
			"version": "5.26.5",
			"dev": true,
			"license": "MIT"
		},
		"node_modules/zod": {
			"version": "3.23.8",
			"license": "MIT",
			"funding": {
				"url": "https://github.com/sponsors/colinhacks"
			}
		}
	}
}
